
Microsoft Visual Studio Solution File, Format Version 12.00
# Visual Studio 15
VisualStudioVersion = 15.0.28307.438
MinimumVisualStudioVersion = 10.0.40219.1
Project("{FAE04EC0-301F-11D3-BF4B-00C04F79EFBC}") = "OthelloLogic", "OthelloLogic\OthelloLogic.csproj", "{697E1049-71FD-4038-9C93-7E5AAE6D1C48}"
EndProject
Project("{FAE04EC0-301F-11D3-BF4B-00C04F79EFBC}") = "OthelloUI", "OthelloUI\OthelloUI.csproj", "{DAA7A76C-500D-44E4-A24B-16B86A470AF9}"
EndProject
Global
	GlobalSection(SolutionConfigurationPlatforms) = preSolution
		Debug|Any CPU = Debug|Any CPU
		Release|Any CPU = Release|Any CPU
	EndGlobalSection
	GlobalSection(ProjectConfigurationPlatforms) = postSolution
		{697E1049-71FD-4038-9C93-7E5AAE6D1C48}.Debug|Any CPU.ActiveCfg = Debug|Any CPU
		{697E1049-71FD-4038-9C93-7E5AAE6D1C48}.Debug|Any CPU.Build.0 = Debug|Any CPU
		{697E1049-71FD-4038-9C93-7E5AAE6D1C48}.Release|Any CPU.ActiveCfg = Release|Any CPU
		{697E1049-71FD-4038-9C93-7E5AAE6D1C48}.Release|Any CPU.Build.0 = Release|Any CPU
		{DAA7A76C-500D-44E4-A24B-16B86A470AF9}.Debug|Any CPU.ActiveCfg = Debug|Any CPU
		{DAA7A76C-500D-44E4-A24B-16B86A470AF9}.Debug|Any CPU.Build.0 = Debug|Any CPU
		{DAA7A76C-500D-44E4-A24B-16B86A470AF9}.Release|Any CPU.ActiveCfg = Release|Any CPU
		{DAA7A76C-500D-44E4-A24B-16B86A470AF9}.Release|Any CPU.Build.0 = Release|Any CPU
	EndGlobalSection
	GlobalSection(SolutionProperties) = preSolution
		HideSolutionNode = FALSE
	EndGlobalSection
	GlobalSection(ExtensibilityGlobals) = postSolution
		SolutionGuid = {D63C3F39-1D7B-4A76-81E0-0695105E06B3}
	EndGlobalSection
EndGlobal
